// !$*UTF8*$!
{
	archiveVersion = 1;
	classes = {
	};
	objectVersion = 46;
	objects = {

/* Begin PBXBuildFile section */
		F006512A1D5C29F800514D97 /* SearchTagView.m in Sources */ = {isa = PBXBuildFile; fileRef = F00651291D5C29F800514D97 /* SearchTagView.m */; };
		F032B2101D599F0600933617 /* ActiveInfoView.m in Sources */ = {isa = PBXBuildFile; fileRef = F032B20F1D599F0600933617 /* ActiveInfoView.m */; };
		F032B2131D599F3000933617 /* InactiveInfoView.m in Sources */ = {isa = PBXBuildFile; fileRef = F032B2121D599F3000933617 /* InactiveInfoView.m */; };
		F032B2161D599F4100933617 /* MissingInfoView.m in Sources */ = {isa = PBXBuildFile; fileRef = F032B2151D599F4100933617 /* MissingInfoView.m */; };
		F0632AEF1D65BE04007E5ED2 /* SetupSettingsView.m in Sources */ = {isa = PBXBuildFile; fileRef = F0632AEE1D65BE04007E5ED2 /* SetupSettingsView.m */; };
		F08237B31D61D59D00B28884 /* tagRemote.m in Sources */ = {isa = PBXBuildFile; fileRef = F08237B21D61D59D00B28884 /* tagRemote.m */; };
		F08237B61D64434300B28884 /* NoMenuTextField.m in Sources */ = {isa = PBXBuildFile; fileRef = F08237B51D64434300B28884 /* NoMenuTextField.m */; };
		F0AB9DBB1D50530D007C22F0 /* UARTPeripheral.m in Sources */ = {isa = PBXBuildFile; fileRef = F0AB9DBA1D50530D007C22F0 /* UARTPeripheral.m */; };
		F0CA74141D647B94009FEA76 /* AddTagView.m in Sources */ = {isa = PBXBuildFile; fileRef = F0CA74131D647B94009FEA76 /* AddTagView.m */; };
		F0DD01501D49F5B0005D95DF /* main.m in Sources */ = {isa = PBXBuildFile; fileRef = F0DD014F1D49F5B0005D95DF /* main.m */; };
		F0DD01531D49F5B0005D95DF /* AppDelegate.m in Sources */ = {isa = PBXBuildFile; fileRef = F0DD01521D49F5B0005D95DF /* AppDelegate.m */; };
		F0DD01561D49F5B0005D95DF /* ViewController.m in Sources */ = {isa = PBXBuildFile; fileRef = F0DD01551D49F5B0005D95DF /* ViewController.m */; };
		F0DD01591D49F5B0005D95DF /* Main.storyboard in Resources */ = {isa = PBXBuildFile; fileRef = F0DD01571D49F5B0005D95DF /* Main.storyboard */; };
		F0DD015C1D49F5B0005D95DF /* Embrace.xcdatamodeld in Sources */ = {isa = PBXBuildFile; fileRef = F0DD015A1D49F5B0005D95DF /* Embrace.xcdatamodeld */; };
		F0DD015E1D49F5B0005D95DF /* Assets.xcassets in Resources */ = {isa = PBXBuildFile; fileRef = F0DD015D1D49F5B0005D95DF /* Assets.xcassets */; };
		F0DD01611D49F5B0005D95DF /* LaunchScreen.storyboard in Resources */ = {isa = PBXBuildFile; fileRef = F0DD015F1D49F5B0005D95DF /* LaunchScreen.storyboard */; };
		F0DD016C1D49F5B0005D95DF /* EmbraceTests.m in Sources */ = {isa = PBXBuildFile; fileRef = F0DD016B1D49F5B0005D95DF /* EmbraceTests.m */; };
		F0DD01771D49F5B0005D95DF /* EmbraceUITests.m in Sources */ = {isa = PBXBuildFile; fileRef = F0DD01761D49F5B0005D95DF /* EmbraceUITests.m */; };
		F0DD01901D4EF2D0005D95DF /* EYTagView.m in Sources */ = {isa = PBXBuildFile; fileRef = F0DD018D1D4EF2D0005D95DF /* EYTagView.m */; };
		F0DD01911D4EF2D0005D95DF /* EYTextField.m in Sources */ = {isa = PBXBuildFile; fileRef = F0DD018F1D4EF2D0005D95DF /* EYTextField.m */; };
/* End PBXBuildFile section */

/* Begin PBXContainerItemProxy section */
		F0DD01681D49F5B0005D95DF /* PBXContainerItemProxy */ = {
			isa = PBXContainerItemProxy;
			containerPortal = F0DD01431D49F5B0005D95DF /* Project object */;
			proxyType = 1;
			remoteGlobalIDString = F0DD014A1D49F5B0005D95DF;
			remoteInfo = Embrace;
		};
		F0DD01731D49F5B0005D95DF /* PBXContainerItemProxy */ = {
			isa = PBXContainerItemProxy;
			containerPortal = F0DD01431D49F5B0005D95DF /* Project object */;
			proxyType = 1;
			remoteGlobalIDString = F0DD014A1D49F5B0005D95DF;
			remoteInfo = Embrace;
		};
/* End PBXContainerItemProxy section */

/* Begin PBXFileReference section */
		F00651281D5C29F800514D97 /* SearchTagView.h */ = {isa = PBXFileReference; fileEncoding = 4; lastKnownFileType = sourcecode.c.h; path = SearchTagView.h; sourceTree = "<group>"; };
		F00651291D5C29F800514D97 /* SearchTagView.m */ = {isa = PBXFileReference; fileEncoding = 4; lastKnownFileType = sourcecode.c.objc; path = SearchTagView.m; sourceTree = "<group>"; };
		F032B20E1D599F0600933617 /* ActiveInfoView.h */ = {isa = PBXFileReference; fileEncoding = 4; lastKnownFileType = sourcecode.c.h; path = ActiveInfoView.h; sourceTree = "<group>"; };
		F032B20F1D599F0600933617 /* ActiveInfoView.m */ = {isa = PBXFileReference; fileEncoding = 4; lastKnownFileType = sourcecode.c.objc; path = ActiveInfoView.m; sourceTree = "<group>"; };
		F032B2111D599F3000933617 /* InactiveInfoView.h */ = {isa = PBXFileReference; fileEncoding = 4; lastKnownFileType = sourcecode.c.h; path = InactiveInfoView.h; sourceTree = "<group>"; };
		F032B2121D599F3000933617 /* InactiveInfoView.m */ = {isa = PBXFileReference; fileEncoding = 4; lastKnownFileType = sourcecode.c.objc; path = InactiveInfoView.m; sourceTree = "<group>"; };
		F032B2141D599F4100933617 /* MissingInfoView.h */ = {isa = PBXFileReference; fileEncoding = 4; lastKnownFileType = sourcecode.c.h; path = MissingInfoView.h; sourceTree = "<group>"; };
		F032B2151D599F4100933617 /* MissingInfoView.m */ = {isa = PBXFileReference; fileEncoding = 4; lastKnownFileType = sourcecode.c.objc; path = MissingInfoView.m; sourceTree = "<group>"; };
		F0632AED1D65BE04007E5ED2 /* SetupSettingsView.h */ = {isa = PBXFileReference; fileEncoding = 4; lastKnownFileType = sourcecode.c.h; path = SetupSettingsView.h; sourceTree = "<group>"; };
		F0632AEE1D65BE04007E5ED2 /* SetupSettingsView.m */ = {isa = PBXFileReference; fileEncoding = 4; lastKnownFileType = sourcecode.c.objc; path = SetupSettingsView.m; sourceTree = "<group>"; };
		F07A5B421D6ACBD900578912 /* Embrace.pch */ = {isa = PBXFileReference; lastKnownFileType = sourcecode.c.h; path = Embrace.pch; sourceTree = SOURCE_ROOT; };
		F08237B11D61D59D00B28884 /* tagRemote.h */ = {isa = PBXFileReference; fileEncoding = 4; lastKnownFileType = sourcecode.c.h; path = tagRemote.h; sourceTree = "<group>"; };
		F08237B21D61D59D00B28884 /* tagRemote.m */ = {isa = PBXFileReference; fileEncoding = 4; lastKnownFileType = sourcecode.c.objc; path = tagRemote.m; sourceTree = "<group>"; };
		F08237B41D64434300B28884 /* NoMenuTextField.h */ = {isa = PBXFileReference; fileEncoding = 4; lastKnownFileType = sourcecode.c.h; path = NoMenuTextField.h; sourceTree = "<group>"; };
		F08237B51D64434300B28884 /* NoMenuTextField.m */ = {isa = PBXFileReference; fileEncoding = 4; lastKnownFileType = sourcecode.c.objc; path = NoMenuTextField.m; sourceTree = "<group>"; };
		F0AB9DB91D50530D007C22F0 /* UARTPeripheral.h */ = {isa = PBXFileReference; fileEncoding = 4; lastKnownFileType = sourcecode.c.h; path = UARTPeripheral.h; sourceTree = "<group>"; };
		F0AB9DBA1D50530D007C22F0 /* UARTPeripheral.m */ = {isa = PBXFileReference; fileEncoding = 4; lastKnownFileType = sourcecode.c.objc; path = UARTPeripheral.m; sourceTree = "<group>"; };
		F0CA74121D647B94009FEA76 /* AddTagView.h */ = {isa = PBXFileReference; fileEncoding = 4; lastKnownFileType = sourcecode.c.h; path = AddTagView.h; sourceTree = "<group>"; };
		F0CA74131D647B94009FEA76 /* AddTagView.m */ = {isa = PBXFileReference; fileEncoding = 4; lastKnownFileType = sourcecode.c.objc; path = AddTagView.m; sourceTree = "<group>"; };
		F0DD014B1D49F5B0005D95DF /* Embrace.app */ = {isa = PBXFileReference; explicitFileType = wrapper.application; includeInIndex = 0; path = Embrace.app; sourceTree = BUILT_PRODUCTS_DIR; };
		F0DD014F1D49F5B0005D95DF /* main.m */ = {isa = PBXFileReference; lastKnownFileType = sourcecode.c.objc; path = main.m; sourceTree = "<group>"; };
		F0DD01511D49F5B0005D95DF /* AppDelegate.h */ = {isa = PBXFileReference; lastKnownFileType = sourcecode.c.h; path = AppDelegate.h; sourceTree = "<group>"; };
		F0DD01521D49F5B0005D95DF /* AppDelegate.m */ = {isa = PBXFileReference; lastKnownFileType = sourcecode.c.objc; path = AppDelegate.m; sourceTree = "<group>"; };
		F0DD01541D49F5B0005D95DF /* ViewController.h */ = {isa = PBXFileReference; lastKnownFileType = sourcecode.c.h; path = ViewController.h; sourceTree = "<group>"; };
		F0DD01551D49F5B0005D95DF /* ViewController.m */ = {isa = PBXFileReference; lastKnownFileType = sourcecode.c.objc; path = ViewController.m; sourceTree = "<group>"; };
		F0DD01581D49F5B0005D95DF /* Base */ = {isa = PBXFileReference; lastKnownFileType = file.storyboard; name = Base; path = Base.lproj/Main.storyboard; sourceTree = "<group>"; };
		F0DD015B1D49F5B0005D95DF /* Embrace.xcdatamodel */ = {isa = PBXFileReference; lastKnownFileType = wrapper.xcdatamodel; path = Embrace.xcdatamodel; sourceTree = "<group>"; };
		F0DD015D1D49F5B0005D95DF /* Assets.xcassets */ = {isa = PBXFileReference; lastKnownFileType = folder.assetcatalog; path = Assets.xcassets; sourceTree = "<group>"; };
		F0DD01601D49F5B0005D95DF /* Base */ = {isa = PBXFileReference; lastKnownFileType = file.storyboard; name = Base; path = Base.lproj/LaunchScreen.storyboard; sourceTree = "<group>"; };
		F0DD01621D49F5B0005D95DF /* Info.plist */ = {isa = PBXFileReference; lastKnownFileType = text.plist.xml; path = Info.plist; sourceTree = "<group>"; };
		F0DD01671D49F5B0005D95DF /* EmbraceTests.xctest */ = {isa = PBXFileReference; explicitFileType = wrapper.cfbundle; includeInIndex = 0; path = EmbraceTests.xctest; sourceTree = BUILT_PRODUCTS_DIR; };
		F0DD016B1D49F5B0005D95DF /* EmbraceTests.m */ = {isa = PBXFileReference; lastKnownFileType = sourcecode.c.objc; path = EmbraceTests.m; sourceTree = "<group>"; };
		F0DD016D1D49F5B0005D95DF /* Info.plist */ = {isa = PBXFileReference; lastKnownFileType = text.plist.xml; path = Info.plist; sourceTree = "<group>"; };
		F0DD01721D49F5B0005D95DF /* EmbraceUITests.xctest */ = {isa = PBXFileReference; explicitFileType = wrapper.cfbundle; includeInIndex = 0; path = EmbraceUITests.xctest; sourceTree = BUILT_PRODUCTS_DIR; };
		F0DD01761D49F5B0005D95DF /* EmbraceUITests.m */ = {isa = PBXFileReference; lastKnownFileType = sourcecode.c.objc; path = EmbraceUITests.m; sourceTree = "<group>"; };
		F0DD01781D49F5B0005D95DF /* Info.plist */ = {isa = PBXFileReference; lastKnownFileType = text.plist.xml; path = Info.plist; sourceTree = "<group>"; };
		F0DD018C1D4EF2D0005D95DF /* EYTagView.h */ = {isa = PBXFileReference; fileEncoding = 4; lastKnownFileType = sourcecode.c.h; path = EYTagView.h; sourceTree = "<group>"; };
		F0DD018D1D4EF2D0005D95DF /* EYTagView.m */ = {isa = PBXFileReference; fileEncoding = 4; lastKnownFileType = sourcecode.c.objc; path = EYTagView.m; sourceTree = "<group>"; };
		F0DD018E1D4EF2D0005D95DF /* EYTextField.h */ = {isa = PBXFileReference; fileEncoding = 4; lastKnownFileType = sourcecode.c.h; path = EYTextField.h; sourceTree = "<group>"; };
		F0DD018F1D4EF2D0005D95DF /* EYTextField.m */ = {isa = PBXFileReference; fileEncoding = 4; lastKnownFileType = sourcecode.c.objc; path = EYTextField.m; sourceTree = "<group>"; };
/* End PBXFileReference section */

/* Begin PBXFrameworksBuildPhase section */
		F0DD01481D49F5B0005D95DF /* Frameworks */ = {
			isa = PBXFrameworksBuildPhase;
			buildActionMask = 2147483647;
			files = (
			);
			runOnlyForDeploymentPostprocessing = 0;
		};
		F0DD01641D49F5B0005D95DF /* Frameworks */ = {
			isa = PBXFrameworksBuildPhase;
			buildActionMask = 2147483647;
			files = (
			);
			runOnlyForDeploymentPostprocessing = 0;
		};
		F0DD016F1D49F5B0005D95DF /* Frameworks */ = {
			isa = PBXFrameworksBuildPhase;
			buildActionMask = 2147483647;
			files = (
			);
			runOnlyForDeploymentPostprocessing = 0;
		};
/* End PBXFrameworksBuildPhase section */

/* Begin PBXGroup section */
		F0DD01421D49F5B0005D95DF = {
			isa = PBXGroup;
			children = (
				F0DD014D1D49F5B0005D95DF /* Embrace */,
				F0DD016A1D49F5B0005D95DF /* EmbraceTests */,
				F0DD01751D49F5B0005D95DF /* EmbraceUITests */,
				F0DD014C1D49F5B0005D95DF /* Products */,
			);
			sourceTree = "<group>";
		};
		F0DD014C1D49F5B0005D95DF /* Products */ = {
			isa = PBXGroup;
			children = (
				F0DD014B1D49F5B0005D95DF /* Embrace.app */,
				F0DD01671D49F5B0005D95DF /* EmbraceTests.xctest */,
				F0DD01721D49F5B0005D95DF /* EmbraceUITests.xctest */,
			);
			name = Products;
			sourceTree = "<group>";
		};
		F0DD014D1D49F5B0005D95DF /* Embrace */ = {
			isa = PBXGroup;
			children = (
				F0AB9DB91D50530D007C22F0 /* UARTPeripheral.h */,
				F0AB9DBA1D50530D007C22F0 /* UARTPeripheral.m */,
				F08237B41D64434300B28884 /* NoMenuTextField.h */,
				F08237B51D64434300B28884 /* NoMenuTextField.m */,
				F0DD018C1D4EF2D0005D95DF /* EYTagView.h */,
				F0DD018D1D4EF2D0005D95DF /* EYTagView.m */,
				F0DD018E1D4EF2D0005D95DF /* EYTextField.h */,
				F0DD018F1D4EF2D0005D95DF /* EYTextField.m */,
				F0DD01511D49F5B0005D95DF /* AppDelegate.h */,
				F0DD01521D49F5B0005D95DF /* AppDelegate.m */,
				F08237B11D61D59D00B28884 /* tagRemote.h */,
				F08237B21D61D59D00B28884 /* tagRemote.m */,
				F0DD01541D49F5B0005D95DF /* ViewController.h */,
				F0DD01551D49F5B0005D95DF /* ViewController.m */,
				F0632AED1D65BE04007E5ED2 /* SetupSettingsView.h */,
				F0632AEE1D65BE04007E5ED2 /* SetupSettingsView.m */,
				F0CA74121D647B94009FEA76 /* AddTagView.h */,
				F0CA74131D647B94009FEA76 /* AddTagView.m */,
				F00651281D5C29F800514D97 /* SearchTagView.h */,
				F00651291D5C29F800514D97 /* SearchTagView.m */,
				F032B20E1D599F0600933617 /* ActiveInfoView.h */,
				F032B20F1D599F0600933617 /* ActiveInfoView.m */,
				F032B2111D599F3000933617 /* InactiveInfoView.h */,
				F032B2121D599F3000933617 /* InactiveInfoView.m */,
				F032B2141D599F4100933617 /* MissingInfoView.h */,
				F032B2151D599F4100933617 /* MissingInfoView.m */,
				F0DD01571D49F5B0005D95DF /* Main.storyboard */,
				F0DD015D1D49F5B0005D95DF /* Assets.xcassets */,
				F0DD015F1D49F5B0005D95DF /* LaunchScreen.storyboard */,
				F0DD015A1D49F5B0005D95DF /* Embrace.xcdatamodeld */,
				F0DD014E1D49F5B0005D95DF /* Supporting Files */,
			);
			path = Embrace;
			sourceTree = "<group>";
		};
		F0DD014E1D49F5B0005D95DF /* Supporting Files */ = {
			isa = PBXGroup;
			children = (
				F07A5B421D6ACBD900578912 /* Embrace.pch */,
				F0DD01621D49F5B0005D95DF /* Info.plist */,
				F0DD014F1D49F5B0005D95DF /* main.m */,
			);
			name = "Supporting Files";
			sourceTree = "<group>";
		};
		F0DD016A1D49F5B0005D95DF /* EmbraceTests */ = {
			isa = PBXGroup;
			children = (
				F0DD016B1D49F5B0005D95DF /* EmbraceTests.m */,
				F0DD016D1D49F5B0005D95DF /* Info.plist */,
			);
			path = EmbraceTests;
			sourceTree = "<group>";
		};
		F0DD01751D49F5B0005D95DF /* EmbraceUITests */ = {
			isa = PBXGroup;
			children = (
				F0DD01761D49F5B0005D95DF /* EmbraceUITests.m */,
				F0DD01781D49F5B0005D95DF /* Info.plist */,
			);
			path = EmbraceUITests;
			sourceTree = "<group>";
		};
/* End PBXGroup section */

/* Begin PBXNativeTarget section */
		F0DD014A1D49F5B0005D95DF /* Embrace */ = {
			isa = PBXNativeTarget;
			buildConfigurationList = F0DD017B1D49F5B0005D95DF /* Build configuration list for PBXNativeTarget "Embrace" */;
			buildPhases = (
				F0DD01471D49F5B0005D95DF /* Sources */,
				F0DD01481D49F5B0005D95DF /* Frameworks */,
				F0DD01491D49F5B0005D95DF /* Resources */,
			);
			buildRules = (
			);
			dependencies = (
			);
			name = Embrace;
			productName = Embrace;
			productReference = F0DD014B1D49F5B0005D95DF /* Embrace.app */;
			productType = "com.apple.product-type.application";
		};
		F0DD01661D49F5B0005D95DF /* EmbraceTests */ = {
			isa = PBXNativeTarget;
			buildConfigurationList = F0DD017E1D49F5B0005D95DF /* Build configuration list for PBXNativeTarget "EmbraceTests" */;
			buildPhases = (
				F0DD01631D49F5B0005D95DF /* Sources */,
				F0DD01641D49F5B0005D95DF /* Frameworks */,
				F0DD01651D49F5B0005D95DF /* Resources */,
			);
			buildRules = (
			);
			dependencies = (
				F0DD01691D49F5B0005D95DF /* PBXTargetDependency */,
			);
			name = EmbraceTests;
			productName = EmbraceTests;
			productReference = F0DD01671D49F5B0005D95DF /* EmbraceTests.xctest */;
			productType = "com.apple.product-type.bundle.unit-test";
		};
		F0DD01711D49F5B0005D95DF /* EmbraceUITests */ = {
			isa = PBXNativeTarget;
			buildConfigurationList = F0DD01811D49F5B0005D95DF /* Build configuration list for PBXNativeTarget "EmbraceUITests" */;
			buildPhases = (
				F0DD016E1D49F5B0005D95DF /* Sources */,
				F0DD016F1D49F5B0005D95DF /* Frameworks */,
				F0DD01701D49F5B0005D95DF /* Resources */,
			);
			buildRules = (
			);
			dependencies = (
				F0DD01741D49F5B0005D95DF /* PBXTargetDependency */,
			);
			name = EmbraceUITests;
			productName = EmbraceUITests;
			productReference = F0DD01721D49F5B0005D95DF /* EmbraceUITests.xctest */;
			productType = "com.apple.product-type.bundle.ui-testing";
		};
/* End PBXNativeTarget section */

/* Begin PBXProject section */
		F0DD01431D49F5B0005D95DF /* Project object */ = {
			isa = PBXProject;
			attributes = {
				LastUpgradeCheck = 0710;
				ORGANIZATIONNAME = "Versaiah Fang";
				TargetAttributes = {
					F0DD014A1D49F5B0005D95DF = {
						CreatedOnToolsVersion = 7.1.1;
					};
					F0DD01661D49F5B0005D95DF = {
						CreatedOnToolsVersion = 7.1.1;
						TestTargetID = F0DD014A1D49F5B0005D95DF;
					};
					F0DD01711D49F5B0005D95DF = {
						CreatedOnToolsVersion = 7.1.1;
						TestTargetID = F0DD014A1D49F5B0005D95DF;
					};
				};
			};
			buildConfigurationList = F0DD01461D49F5B0005D95DF /* Build configuration list for PBXProject "Embrace" */;
			compatibilityVersion = "Xcode 3.2";
			developmentRegion = English;
			hasScannedForEncodings = 0;
			knownRegions = (
				en,
				Base,
			);
			mainGroup = F0DD01421D49F5B0005D95DF;
			productRefGroup = F0DD014C1D49F5B0005D95DF /* Products */;
			projectDirPath = "";
			projectRoot = "";
			targets = (
				F0DD014A1D49F5B0005D95DF /* Embrace */,
				F0DD01661D49F5B0005D95DF /* EmbraceTests */,
				F0DD01711D49F5B0005D95DF /* EmbraceUITests */,
			);
		};
/* End PBXProject section */

/* Begin PBXResourcesBuildPhase section */
		F0DD01491D49F5B0005D95DF /* Resources */ = {
			isa = PBXResourcesBuildPhase;
			buildActionMask = 2147483647;
			files = (
				F0DD01611D49F5B0005D95DF /* LaunchScreen.storyboard in Resources */,
				F0DD015E1D49F5B0005D95DF /* Assets.xcassets in Resources */,
				F0DD01591D49F5B0005D95DF /* Main.storyboard in Resources */,
			);
			runOnlyForDeploymentPostprocessing = 0;
		};
		F0DD01651D49F5B0005D95DF /* Resources */ = {
			isa = PBXResourcesBuildPhase;
			buildActionMask = 2147483647;
			files = (
			);
			runOnlyForDeploymentPostprocessing = 0;
		};
		F0DD01701D49F5B0005D95DF /* Resources */ = {
			isa = PBXResourcesBuildPhase;
			buildActionMask = 2147483647;
			files = (
			);
			runOnlyForDeploymentPostprocessing = 0;
		};
/* End PBXResourcesBuildPhase section */

/* Begin PBXSourcesBuildPhase section */
		F0DD01471D49F5B0005D95DF /* Sources */ = {
			isa = PBXSourcesBuildPhase;
			buildActionMask = 2147483647;
			files = (
				F0632AEF1D65BE04007E5ED2 /* SetupSettingsView.m in Sources */,
				F0DD01561D49F5B0005D95DF /* ViewController.m in Sources */,
				F006512A1D5C29F800514D97 /* SearchTagView.m in Sources */,
				F08237B31D61D59D00B28884 /* tagRemote.m in Sources */,
				F0AB9DBB1D50530D007C22F0 /* UARTPeripheral.m in Sources */,
				F0DD01531D49F5B0005D95DF /* AppDelegate.m in Sources */,
				F0DD01501D49F5B0005D95DF /* main.m in Sources */,
				F032B2101D599F0600933617 /* ActiveInfoView.m in Sources */,
				F032B2161D599F4100933617 /* MissingInfoView.m in Sources */,
				F08237B61D64434300B28884 /* NoMenuTextField.m in Sources */,
				F0CA74141D647B94009FEA76 /* AddTagView.m in Sources */,
				F032B2131D599F3000933617 /* InactiveInfoView.m in Sources */,
				F0DD01901D4EF2D0005D95DF /* EYTagView.m in Sources */,
				F0DD015C1D49F5B0005D95DF /* Embrace.xcdatamodeld in Sources */,
				F0DD01911D4EF2D0005D95DF /* EYTextField.m in Sources */,
			);
			runOnlyForDeploymentPostprocessing = 0;
		};
		F0DD01631D49F5B0005D95DF /* Sources */ = {
			isa = PBXSourcesBuildPhase;
			buildActionMask = 2147483647;
			files = (
				F0DD016C1D49F5B0005D95DF /* EmbraceTests.m in Sources */,
			);
			runOnlyForDeploymentPostprocessing = 0;
		};
		F0DD016E1D49F5B0005D95DF /* Sources */ = {
			isa = PBXSourcesBuildPhase;
			buildActionMask = 2147483647;
			files = (
				F0DD01771D49F5B0005D95DF /* EmbraceUITests.m in Sources */,
			);
			runOnlyForDeploymentPostprocessing = 0;
		};
/* End PBXSourcesBuildPhase section */

/* Begin PBXTargetDependency section */
		F0DD01691D49F5B0005D95DF /* PBXTargetDependency */ = {
			isa = PBXTargetDependency;
			target = F0DD014A1D49F5B0005D95DF /* Embrace */;
			targetProxy = F0DD01681D49F5B0005D95DF /* PBXContainerItemProxy */;
		};
		F0DD01741D49F5B0005D95DF /* PBXTargetDependency */ = {
			isa = PBXTargetDependency;
			target = F0DD014A1D49F5B0005D95DF /* Embrace */;
			targetProxy = F0DD01731D49F5B0005D95DF /* PBXContainerItemProxy */;
		};
/* End PBXTargetDependency section */

/* Begin PBXVariantGroup section */
		F0DD01571D49F5B0005D95DF /* Main.storyboard */ = {
			isa = PBXVariantGroup;
			children = (
				F0DD01581D49F5B0005D95DF /* Base */,
			);
			name = Main.storyboard;
			sourceTree = "<group>";
		};
		F0DD015F1D49F5B0005D95DF /* LaunchScreen.storyboard */ = {
			isa = PBXVariantGroup;
			children = (
				F0DD01601D49F5B0005D95DF /* Base */,
			);
			name = LaunchScreen.storyboard;
			sourceTree = "<group>";
		};
/* End PBXVariantGroup section */

/* Begin XCBuildConfiguration section */
		F0DD01791D49F5B0005D95DF /* Debug */ = {
			isa = XCBuildConfiguration;
			buildSettings = {
				ALWAYS_SEARCH_USER_PATHS = NO;
				CLANG_CXX_LANGUAGE_STANDARD = "gnu++0x";
				CLANG_CXX_LIBRARY = "libc++";
				CLANG_ENABLE_MODULES = YES;
				CLANG_ENABLE_OBJC_ARC = YES;
				CLANG_WARN_BOOL_CONVERSION = YES;
				CLANG_WARN_CONSTANT_CONVERSION = YES;
				CLANG_WARN_DIRECT_OBJC_ISA_USAGE = YES_ERROR;
				CLANG_WARN_EMPTY_BODY = YES;
				CLANG_WARN_ENUM_CONVERSION = YES;
				CLANG_WARN_INT_CONVERSION = YES;
				CLANG_WARN_OBJC_ROOT_CLASS = YES_ERROR;
				CLANG_WARN_UNREACHABLE_CODE = YES;
				CLANG_WARN__DUPLICATE_METHOD_MATCH = YES;
				"CODE_SIGN_IDENTITY[sdk=iphoneos*]" = "iPhone Developer";
				COPY_PHASE_STRIP = NO;
				DEBUG_INFORMATION_FORMAT = dwarf;
				ENABLE_STRICT_OBJC_MSGSEND = YES;
				ENABLE_TESTABILITY = YES;
				GCC_C_LANGUAGE_STANDARD = gnu99;
				GCC_DYNAMIC_NO_PIC = NO;
				GCC_NO_COMMON_BLOCKS = YES;
				GCC_OPTIMIZATION_LEVEL = 0;
				GCC_PREPROCESSOR_DEFINITIONS = (
					"DEBUG=1",
					"$(inherited)",
				);
				GCC_WARN_64_TO_32_BIT_CONVERSION = YES;
				GCC_WARN_ABOUT_RETURN_TYPE = YES_ERROR;
				GCC_WARN_UNDECLARED_SELECTOR = YES;
				GCC_WARN_UNINITIALIZED_AUTOS = YES_AGGRESSIVE;
				GCC_WARN_UNUSED_FUNCTION = YES;
				GCC_WARN_UNUSED_VARIABLE = YES;
				IPHONEOS_DEPLOYMENT_TARGET = 9.1;
				MTL_ENABLE_DEBUG_INFO = YES;
				ONLY_ACTIVE_ARCH = YES;
				SDKROOT = iphoneos;
			};
			name = Debug;
		};
		F0DD017A1D49F5B0005D95DF /* Release */ = {
			isa = XCBuildConfiguration;
			buildSettings = {
				ALWAYS_SEARCH_USER_PATHS = NO;
				CLANG_CXX_LANGUAGE_STANDARD = "gnu++0x";
				CLANG_CXX_LIBRARY = "libc++";
				CLANG_ENABLE_MODULES = YES;
				CLANG_ENABLE_OBJC_ARC = YES;
				CLANG_WARN_BOOL_CONVERSION = YES;
				CLANG_WARN_CONSTANT_CONVERSION = YES;
				CLANG_WARN_DIRECT_OBJC_ISA_USAGE = YES_ERROR;
				CLANG_WARN_EMPTY_BODY = YES;
				CLANG_WARN_ENUM_CONVERSION = YES;
				CLANG_WARN_INT_CONVERSION = YES;
				CLANG_WARN_OBJC_ROOT_CLASS = YES_ERROR;
				CLANG_WARN_UNREACHABLE_CODE = YES;
				CLANG_WARN__DUPLICATE_METHOD_MATCH = YES;
				"CODE_SIGN_IDENTITY[sdk=iphoneos*]" = "iPhone Developer";
				COPY_PHASE_STRIP = NO;
				DEBUG_INFORMATION_FORMAT = "dwarf-with-dsym";
				ENABLE_NS_ASSERTIONS = NO;
				ENABLE_STRICT_OBJC_MSGSEND = YES;
				GCC_C_LANGUAGE_STANDARD = gnu99;
				GCC_NO_COMMON_BLOCKS = YES;
				GCC_WARN_64_TO_32_BIT_CONVERSION = YES;
				GCC_WARN_ABOUT_RETURN_TYPE = YES_ERROR;
				GCC_WARN_UNDECLARED_SELECTOR = YES;
				GCC_WARN_UNINITIALIZED_AUTOS = YES_AGGRESSIVE;
				GCC_WARN_UNUSED_FUNCTION = YES;
				GCC_WARN_UNUSED_VARIABLE = YES;
				IPHONEOS_DEPLOYMENT_TARGET = 9.1;
				MTL_ENABLE_DEBUG_INFO = NO;
				SDKROOT = iphoneos;
				VALIDATE_PRODUCT = YES;
			};
			name = Release;
		};
		F0DD017C1D49F5B0005D95DF /* Debug */ = {
			isa = XCBuildConfiguration;
			buildSettings = {
				ASSETCATALOG_COMPILER_APPICON_NAME = AppIcon;
				ASSETCATALOG_COMPILER_LAUNCHIMAGE_NAME = LaunchImage;
				CODE_SIGN_IDENTITY = "";
				"CODE_SIGN_IDENTITY[sdk=iphoneos*]" = "iPhone Developer";
				GCC_PRECOMPILE_PREFIX_HEADER = YES;
				GCC_PREFIX_HEADER = Embrace.pch;
				INFOPLIST_FILE = Embrace/Info.plist;
				IPHONEOS_DEPLOYMENT_TARGET = 7.0;
				LD_RUNPATH_SEARCH_PATHS = "$(inherited) @executable_path/Frameworks";
				PRODUCT_BUNDLE_IDENTIFIER = Titoma.com.Embrace;
				PRODUCT_NAME = "$(TARGET_NAME)";
				TARGETED_DEVICE_FAMILY = 1;
			};
			name = Debug;
		};
		F0DD017D1D49F5B0005D95DF /* Release */ = {
			isa = XCBuildConfiguration;
			buildSettings = {
				ASSETCATALOG_COMPILER_APPICON_NAME = AppIcon;
				ASSETCATALOG_COMPILER_LAUNCHIMAGE_NAME = LaunchImage;
				CODE_SIGN_IDENTITY = "";
				"CODE_SIGN_IDENTITY[sdk=iphoneos*]" = "iPhone Developer";
				GCC_PRECOMPILE_PREFIX_HEADER = YES;
				GCC_PREFIX_HEADER = Embrace.pch;
				INFOPLIST_FILE = Embrace/Info.plist;
				IPHONEOS_DEPLOYMENT_TARGET = 7.0;
				LD_RUNPATH_SEARCH_PATHS = "$(inherited) @executable_path/Frameworks";
				ONLY_ACTIVE_ARCH = YES;
				PRODUCT_BUNDLE_IDENTIFIER = Titoma.com.Embrace;
				PRODUCT_NAME = "$(TARGET_NAME)";
				TARGETED_DEVICE_FAMILY = 1;
			};
			name = Release;
		};
		F0DD017F1D49F5B0005D95DF /* Debug */ = {
			isa = XCBuildConfiguration;
			buildSettings = {
				BUNDLE_LOADER = "$(TEST_HOST)";
				INFOPLIST_FILE = EmbraceTests/Info.plist;
				LD_RUNPATH_SEARCH_PATHS = "$(inherited) @executable_path/Frameworks @loader_path/Frameworks";
				PRODUCT_BUNDLE_IDENTIFIER = Titoma.com.EmbraceTests;
				PRODUCT_NAME = "$(TARGET_NAME)";
				TEST_HOST = "$(BUILT_PRODUCTS_DIR)/Embrace.app/Embrace";
			};
			name = Debug;
		};
		F0DD01801D49F5B0005D95DF /* Release */ = {
			isa = XCBuildConfiguration;
			buildSettings = {
				BUNDLE_LOADER = "$(TEST_HOST)";
				INFOPLIST_FILE = EmbraceTests/Info.plist;
				LD_RUNPATH_SEARCH_PATHS = "$(inherited) @executable_path/Frameworks @loader_path/Frameworks";
				PRODUCT_BUNDLE_IDENTIFIER = Titoma.com.EmbraceTests;
				PRODUCT_NAME = "$(TARGET_NAME)";
				TEST_HOST = "$(BUILT_PRODUCTS_DIR)/Embrace.app/Embrace";
			};
			name = Release;
		};
		F0DD01821D49F5B0005D95DF /* Debug */ = {
			isa = XCBuildConfiguration;
			buildSettings = {
				INFOPLIST_FILE = EmbraceUITests/Info.plist;
				LD_RUNPATH_SEARCH_PATHS = "$(inherited) @executable_path/Frameworks @loader_path/Frameworks";
				PRODUCT_BUNDLE_IDENTIFIER = Titoma.com.EmbraceUITests;
				PRODUCT_NAME = "$(TARGET_NAME)";
				TEST_TARGET_NAME = Embrace;
				USES_XCTRUNNER = YES;
			};
			name = Debug;
		};
		F0DD01831D49F5B0005D95DF /* Release */ = {
			isa = XCBuildConfiguration;
			buildSettings = {
				INFOPLIST_FILE = EmbraceUITests/Info.plist;
				LD_RUNPATH_SEARCH_PATHS = "$(inherited) @executable_path/Frameworks @loader_path/Frameworks";
				PRODUCT_BUNDLE_IDENTIFIER = Titoma.com.EmbraceUITests;
				PRODUCT_NAME = "$(TARGET_NAME)";
				TEST_TARGET_NAME = Embrace;
				USES_XCTRUNNER = YES;
			};
			name = Release;
		};
/* End XCBuildConfiguration section */

/* Begin XCConfigurationList section */
		F0DD01461D49F5B0005D95DF /* Build configuration list for PBXProject "Embrace" */ = {
			isa = XCConfigurationList;
			buildConfigurations = (
				F0DD01791D49F5B0005D95DF /* Debug */,
				F0DD017A1D49F5B0005D95DF /* Release */,
			);
			defaultConfigurationIsVisible = 0;
			defaultConfigurationName = Release;
		};
		F0DD017B1D49F5B0005D95DF /* Build configuration list for PBXNativeTarget "Embrace" */ = {
			isa = XCConfigurationList;
			buildConfigurations = (
				F0DD017C1D49F5B0005D95DF /* Debug */,
				F0DD017D1D49F5B0005D95DF /* Release */,
			);
			defaultConfigurationIsVisible = 0;
			defaultConfigurationName = Release;
		};
		F0DD017E1D49F5B0005D95DF /* Build configuration list for PBXNativeTarget "EmbraceTests" */ = {
			isa = XCConfigurationList;
			buildConfigurations = (
				F0DD017F1D49F5B0005D95DF /* Debug */,
				F0DD01801D49F5B0005D95DF /* Release */,
			);
			defaultConfigurationIsVisible = 0;
			defaultConfigurationName = Release;
		};
		F0DD01811D49F5B0005D95DF /* Build configuration list for PBXNativeTarget "EmbraceUITests" */ = {
			isa = XCConfigurationList;
			buildConfigurations = (
				F0DD01821D49F5B0005D95DF /* Debug */,
				F0DD01831D49F5B0005D95DF /* Release */,
			);
			defaultConfigurationIsVisible = 0;
			defaultConfigurationName = Release;
		};
/* End XCConfigurationList section */

/* Begin XCVersionGroup section */
		F0DD015A1D49F5B0005D95DF /* Embrace.xcdatamodeld */ = {
			isa = XCVersionGroup;
			children = (
				F0DD015B1D49F5B0005D95DF /* Embrace.xcdatamodel */,
			);
			currentVersion = F0DD015B1D49F5B0005D95DF /* Embrace.xcdatamodel */;
			path = Embrace.xcdatamodeld;
			sourceTree = "<group>";
			versionGroupType = wrapper.xcdatamodel;
		};
/* End XCVersionGroup section */
	};
	rootObject = F0DD01431D49F5B0005D95DF /* Project object */;
}
